
Microsoft Visual Studio Solution File, Format Version 12.00
# Visual Studio Version 17
VisualStudioVersion = 17.0.31717.71
MinimumVisualStudioVersion = 10.0.40219.1
Project("{C7167F0D-BC9F-4E6E-AFE1-012C56B48DB5}") = "MicroCBuilder (Package)", "MicroCBuilder\MicroCBuilder (Package)\MicroCBuilder (Package).wapproj", "{913B9E28-4F39-46E3-AAF0-4D073F69CE1D}"
EndProject
Project("{FAE04EC0-301F-11D3-BF4B-00C04F79EFBC}") = "MicroCBuilder", "MicroCBuilder\MicroCBuilder\MicroCBuilder.csproj", "{0030E7DD-5E3B-4103-BA63-A38711DC875A}"
EndProject
Global
	GlobalSection(SolutionConfigurationPlatforms) = preSolution
		Debug|arm64 = Debug|arm64
		Debug|x64 = Debug|x64
		Debug|x86 = Debug|x86
		Release|arm64 = Release|arm64
		Release|x64 = Release|x64
		Release|x86 = Release|x86
	EndGlobalSection
	GlobalSection(ProjectConfigurationPlatforms) = postSolution
		{913B9E28-4F39-46E3-AAF0-4D073F69CE1D}.Debug|arm64.ActiveCfg = Debug|arm64
		{913B9E28-4F39-46E3-AAF0-4D073F69CE1D}.Debug|arm64.Build.0 = Debug|arm64
		{913B9E28-4F39-46E3-AAF0-4D073F69CE1D}.Debug|arm64.Deploy.0 = Debug|arm64
		{913B9E28-4F39-46E3-AAF0-4D073F69CE1D}.Debug|x64.ActiveCfg = Debug|x64
		{913B9E28-4F39-46E3-AAF0-4D073F69CE1D}.Debug|x64.Build.0 = Debug|x64
		{913B9E28-4F39-46E3-AAF0-4D073F69CE1D}.Debug|x64.Deploy.0 = Debug|x64
		{913B9E28-4F39-46E3-AAF0-4D073F69CE1D}.Debug|x86.ActiveCfg = Debug|x86
		{913B9E28-4F39-46E3-AAF0-4D073F69CE1D}.Debug|x86.Build.0 = Debug|x86
		{913B9E28-4F39-46E3-AAF0-4D073F69CE1D}.Debug|x86.Deploy.0 = Debug|x86
		{913B9E28-4F39-46E3-AAF0-4D073F69CE1D}.Release|arm64.ActiveCfg = Release|arm64
		{913B9E28-4F39-46E3-AAF0-4D073F69CE1D}.Release|arm64.Build.0 = Release|arm64
		{913B9E28-4F39-46E3-AAF0-4D073F69CE1D}.Release|arm64.Deploy.0 = Release|arm64
		{913B9E28-4F39-46E3-AAF0-4D073F69CE1D}.Release|x64.ActiveCfg = Release|x64
		{913B9E28-4F39-46E3-AAF0-4D073F69CE1D}.Release|x64.Build.0 = Release|x64
		{913B9E28-4F39-46E3-AAF0-4D073F69CE1D}.Release|x64.Deploy.0 = Release|x64
		{913B9E28-4F39-46E3-AAF0-4D073F69CE1D}.Release|x86.ActiveCfg = Release|x86
		{913B9E28-4F39-46E3-AAF0-4D073F69CE1D}.Release|x86.Build.0 = Release|x86
		{913B9E28-4F39-46E3-AAF0-4D073F69CE1D}.Release|x86.Deploy.0 = Release|x86
		{0030E7DD-5E3B-4103-BA63-A38711DC875A}.Debug|arm64.ActiveCfg = Debug|arm64
		{0030E7DD-5E3B-4103-BA63-A38711DC875A}.Debug|arm64.Build.0 = Debug|arm64
		{0030E7DD-5E3B-4103-BA63-A38711DC875A}.Debug|x64.ActiveCfg = Debug|x64
		{0030E7DD-5E3B-4103-BA63-A38711DC875A}.Debug|x64.Build.0 = Debug|x64
		{0030E7DD-5E3B-4103-BA63-A38711DC875A}.Debug|x86.ActiveCfg = Debug|x86
		{0030E7DD-5E3B-4103-BA63-A38711DC875A}.Debug|x86.Build.0 = Debug|x86
		{0030E7DD-5E3B-4103-BA63-A38711DC875A}.Release|arm64.ActiveCfg = Release|arm64
		{0030E7DD-5E3B-4103-BA63-A38711DC875A}.Release|arm64.Build.0 = Release|arm64
		{0030E7DD-5E3B-4103-BA63-A38711DC875A}.Release|x64.ActiveCfg = Release|x64
		{0030E7DD-5E3B-4103-BA63-A38711DC875A}.Release|x64.Build.0 = Release|x64
		{0030E7DD-5E3B-4103-BA63-A38711DC875A}.Release|x86.ActiveCfg = Release|x86
		{0030E7DD-5E3B-4103-BA63-A38711DC875A}.Release|x86.Build.0 = Release|x86
	EndGlobalSection
	GlobalSection(SolutionProperties) = preSolution
		HideSolutionNode = FALSE
	EndGlobalSection
	GlobalSection(ExtensibilityGlobals) = postSolution
		SolutionGuid = {B290566C-BF5E-4CBE-B339-ADFE3B4FD4C5}
	EndGlobalSection
EndGlobal
